
Microsoft Visual Studio Solution File, Format Version 12.00
# Visual Studio Version 17
VisualStudioVersion = 17.5.33424.131
MinimumVisualStudioVersion = 10.0.40219.1
Project("{FAE04EC0-301F-11D3-BF4B-00C04F79EFBC}") = "home-page", "home-page.csproj", "{2A43BD0D-009A-4B23-B8CB-F3D6F5720B9C}"
EndProject
Global
	GlobalSection(SolutionConfigurationPlatforms) = preSolution
		Debug|Any CPU = Debug|Any CPU
		Release|Any CPU = Release|Any CPU
	EndGlobalSection
	GlobalSection(ProjectConfigurationPlatforms) = postSolution
		{2A43BD0D-009A-4B23-B8CB-F3D6F5720B9C}.Debug|Any CPU.ActiveCfg = Debug|Any CPU
		{2A43BD0D-009A-4B23-B8CB-F3D6F5720B9C}.Debug|Any CPU.Build.0 = Debug|Any CPU
		{2A43BD0D-009A-4B23-B8CB-F3D6F5720B9C}.Release|Any CPU.ActiveCfg = Release|Any CPU
		{2A43BD0D-009A-4B23-B8CB-F3D6F5720B9C}.Release|Any CPU.Build.0 = Release|Any CPU
	EndGlobalSection
	GlobalSection(SolutionProperties) = preSolution
		HideSolutionNode = FALSE
	EndGlobalSection
	GlobalSection(ExtensibilityGlobals) = postSolution
		SolutionGuid = {1B257959-2324-4B2F-A046-047F8D093ED1}
	EndGlobalSection
EndGlobal
