
Microsoft Visual Studio Solution File, Format Version 12.00
# Visual Studio Version 17
VisualStudioVersion = 17.3.32825.248
MinimumVisualStudioVersion = 10.0.40219.1
Project("{9A19103F-16F7-4668-BE54-9A1E7A4F7556}") = "Hasznaltember", "Hasznaltember.csproj", "{2E53959A-695F-4482-98E3-3694B6139A57}"
EndProject
Project("{2150E333-8FDC-42A3-9474-1A3956D46DE8}") = "Solution Items", "Solution Items", "{5B631912-866E-43EE-8D48-06FB059FABA9}"
	ProjectSection(SolutionItems) = preProject
		.editorconfig = .editorconfig
	EndProjectSection
EndProject
Global
	GlobalSection(SolutionConfigurationPlatforms) = preSolution
		Debug|Any CPU = Debug|Any CPU
		Release|Any CPU = Release|Any CPU
	EndGlobalSection
	GlobalSection(ProjectConfigurationPlatforms) = postSolution
		{2E53959A-695F-4482-98E3-3694B6139A57}.Debug|Any CPU.ActiveCfg = Debug|Any CPU
		{2E53959A-695F-4482-98E3-3694B6139A57}.Debug|Any CPU.Build.0 = Debug|Any CPU
		{2E53959A-695F-4482-98E3-3694B6139A57}.Release|Any CPU.ActiveCfg = Release|Any CPU
		{2E53959A-695F-4482-98E3-3694B6139A57}.Release|Any CPU.Build.0 = Release|Any CPU
	EndGlobalSection
	GlobalSection(SolutionProperties) = preSolution
		HideSolutionNode = FALSE
	EndGlobalSection
	GlobalSection(ExtensibilityGlobals) = postSolution
		SolutionGuid = {952AA15F-A49A-4F80-B279-158BA055C1A6}
	EndGlobalSection
EndGlobal
